
Microsoft Visual Studio Solution File, Format Version 12.00
# Visual Studio Version 16
VisualStudioVersion = 16.0.29102.190
MinimumVisualStudioVersion = 10.0.40219.1
Project("{9A19103F-16F7-4668-BE54-9A1E7A4F7556}") = "Common.Application", "Common.Application\Common.Application.csproj", "{741439CC-068F-426B-87F6-5A82F1D89199}"
EndProject
Project("{9A19103F-16F7-4668-BE54-9A1E7A4F7556}") = "Common.Host", "Common.Host\Common.Host.csproj", "{EA2BE7D5-DA27-40A8-A099-1B98B0C74196}"
EndProject
Project("{9A19103F-16F7-4668-BE54-9A1E7A4F7556}") = "Common.Domain", "Common.Domain\Common.Domain.csproj", "{C7F5AEA8-5738-4ED5-AF0B-6E7720060229}"
EndProject
Project("{9A19103F-16F7-4668-BE54-9A1E7A4F7556}") = "Common.Repository", "Common.Repository\Common.Repository.csproj", "{4EBFAC51-3F54-42AF-A9E8-164F7D30B836}"
EndProject
Global
	GlobalSection(SolutionConfigurationPlatforms) = preSolution
		Debug|Any CPU = Debug|Any CPU
		Release|Any CPU = Release|Any CPU
	EndGlobalSection
	GlobalSection(ProjectConfigurationPlatforms) = postSolution
		{741439CC-068F-426B-87F6-5A82F1D89199}.Debug|Any CPU.ActiveCfg = Debug|Any CPU
		{741439CC-068F-426B-87F6-5A82F1D89199}.Debug|Any CPU.Build.0 = Debug|Any CPU
		{741439CC-068F-426B-87F6-5A82F1D89199}.Release|Any CPU.ActiveCfg = Release|Any CPU
		{741439CC-068F-426B-87F6-5A82F1D89199}.Release|Any CPU.Build.0 = Release|Any CPU
		{EA2BE7D5-DA27-40A8-A099-1B98B0C74196}.Debug|Any CPU.ActiveCfg = Debug|Any CPU
		{EA2BE7D5-DA27-40A8-A099-1B98B0C74196}.Debug|Any CPU.Build.0 = Debug|Any CPU
		{EA2BE7D5-DA27-40A8-A099-1B98B0C74196}.Release|Any CPU.ActiveCfg = Release|Any CPU
		{EA2BE7D5-DA27-40A8-A099-1B98B0C74196}.Release|Any CPU.Build.0 = Release|Any CPU
		{C7F5AEA8-5738-4ED5-AF0B-6E7720060229}.Debug|Any CPU.ActiveCfg = Debug|Any CPU
		{C7F5AEA8-5738-4ED5-AF0B-6E7720060229}.Debug|Any CPU.Build.0 = Debug|Any CPU
		{C7F5AEA8-5738-4ED5-AF0B-6E7720060229}.Release|Any CPU.ActiveCfg = Release|Any CPU
		{C7F5AEA8-5738-4ED5-AF0B-6E7720060229}.Release|Any CPU.Build.0 = Release|Any CPU
		{4EBFAC51-3F54-42AF-A9E8-164F7D30B836}.Debug|Any CPU.ActiveCfg = Debug|Any CPU
		{4EBFAC51-3F54-42AF-A9E8-164F7D30B836}.Debug|Any CPU.Build.0 = Debug|Any CPU
		{4EBFAC51-3F54-42AF-A9E8-164F7D30B836}.Release|Any CPU.ActiveCfg = Release|Any CPU
		{4EBFAC51-3F54-42AF-A9E8-164F7D30B836}.Release|Any CPU.Build.0 = Release|Any CPU
	EndGlobalSection
	GlobalSection(SolutionProperties) = preSolution
		HideSolutionNode = FALSE
	EndGlobalSection
	GlobalSection(ExtensibilityGlobals) = postSolution
		SolutionGuid = {00A35274-DA5E-4A05-A8DE-1CA722DF0988}
	EndGlobalSection
EndGlobal
